<?xml version="1.0" encoding="utf-8"?>
<Project ToolsVersion="4.0" xmlns="http://schemas.microsoft.com/developer/msbuild/2003">
  <ItemGroup>
    <ClInclude Include="fwd.hpp" />
    <ClInclude Include="macros.hpp" />
    <ClInclude Include="alloc_raii.hpp">
      <Filter>mem</Filter>
    </ClInclude>
    <ClInclude Include="assembly_builder.hpp">
      <Filter>mem</Filter>
    </ClInclude>
    <ClInclude Include="alloc_raii_remote.hpp">
      <Filter>mem</Filter>
    </ClInclude>
    <ClInclude Include="bytepatch.hpp">
      <Filter>mem</Filter>
    </ClInclude>
    <ClInclude Include="bytepatch_external.hpp">
      <Filter>mem</Filter>
    </ClInclude>
    <ClInclude Include="memory_buffer.hpp">
      <Filter>mem</Filter>
    </ClInclude>
    <ClInclude Include="pattern.hpp">
      <Filter>mem</Filter>
    </ClInclude>
    <ClInclude Include="pattern_compile_time.hpp">
      <Filter>mem</Filter>
    </ClInclude>
    <ClInclude Include="pattern_compile_time_base.hpp">
      <Filter>mem</Filter>
    </ClInclude>
    <ClInclude Include="pattern_compile_time_with_opt_bytes_base.hpp">
      <Filter>mem</Filter>
    </ClInclude>
    <ClInclude Include="pattern_macros.hpp">
      <Filter>mem</Filter>
    </ClInclude>
    <ClInclude Include="pattern_compile_time_with_opt_bytes.hpp">
      <Filter>mem</Filter>
    </ClInclude>
    <ClInclude Include="pointer.hpp">
      <Filter>mem</Filter>
    </ClInclude>
    <ClInclude Include="pointerlike.hpp">
      <Filter>mem</Filter>
    </ClInclude>
    <ClInclude Include="range.hpp">
      <Filter>mem</Filter>
    </ClInclude>
    <ClInclude Include="region_virtual.hpp">
      <Filter>mem</Filter>
    </ClInclude>
    <ClInclude Include="window.hpp">
      <Filter>os</Filter>
    </ClInclude>
    <ClInclude Include="thread.hpp">
      <Filter>os</Filter>
    </ClInclude>
    <ClInclude Include="process.hpp">
      <Filter>os</Filter>
    </ClInclude>
    <ClInclude Include="addr_ip.hpp">
      <Filter>net</Filter>
    </ClInclude>
    <ClInclude Include="addr_socket.hpp">
      <Filter>net</Filter>
    </ClInclude>
    <ClInclude Include="socket.hpp">
      <Filter>net</Filter>
    </ClInclude>
    <ClInclude Include="console.hpp">
      <Filter>os</Filter>
    </ClInclude>
    <ClInclude Include="vector4.hpp">
      <Filter>math</Filter>
    </ClInclude>
    <ClInclude Include="vector_base.hpp">
      <Filter>math</Filter>
    </ClInclude>
    <ClInclude Include="vector_maths.hpp">
      <Filter>math</Filter>
    </ClInclude>
    <ClInclude Include="vector2.hpp">
      <Filter>math</Filter>
    </ClInclude>
    <ClInclude Include="vector3.hpp">
      <Filter>math</Filter>
    </ClInclude>
    <ClInclude Include="vector3_base.hpp">
      <Filter>math</Filter>
    </ClInclude>
    <ClInclude Include="matrix.hpp">
      <Filter>math</Filter>
    </ClInclude>
    <ClInclude Include="box.hpp">
      <Filter>math</Filter>
    </ClInclude>
    <ClInclude Include="module.hpp">
      <Filter>os</Filter>
    </ClInclude>
    <ClInclude Include="handle_raii.hpp">
      <Filter>os\windows</Filter>
    </ClInclude>
    <ClInclude Include="handle_base.hpp">
      <Filter>os\windows</Filter>
    </ClInclude>
    <ClInclude Include="handle_plain.hpp">
      <Filter>os\windows</Filter>
    </ClInclude>
    <ClInclude Include="unicode.hpp">
      <Filter>enc</Filter>
    </ClInclude>
    <ClInclude Include="box_corners.hpp">
      <Filter>math</Filter>
    </ClInclude>
    <ClInclude Include="box_axis_aligned.hpp">
      <Filter>math</Filter>
    </ClInclude>
    <ClInclude Include="poly.hpp">
      <Filter>math</Filter>
    </ClInclude>
    <ClInclude Include="quaternion.hpp">
      <Filter>math</Filter>
    </ClInclude>
    <ClInclude Include="ray.hpp">
      <Filter>math</Filter>
    </ClInclude>
    <ClInclude Include="dns.hpp">
      <Filter>net\dns</Filter>
    </ClInclude>
    <ClInclude Include="dns_a.hpp">
      <Filter>net\dns</Filter>
    </ClInclude>
    <ClInclude Include="dns_aaaa.hpp">
      <Filter>net\dns</Filter>
    </ClInclude>
    <ClInclude Include="dns_txt.hpp">
      <Filter>net\dns</Filter>
    </ClInclude>
    <ClInclude Include="dns_srv.hpp">
      <Filter>net\dns</Filter>
    </ClInclude>
    <ClInclude Include="bigint.hpp">
      <Filter>math</Filter>
    </ClInclude>
    <ClInclude Include="rsa.hpp">
      <Filter>crypto</Filter>
    </ClInclude>
    <ClInclude Include="shortint.hpp">
      <Filter>util</Filter>
    </ClInclude>
    <ClInclude Include="rand.hpp">
      <Filter>util</Filter>
    </ClInclude>
    <ClInclude Include="bitset.hpp">
      <Filter>util</Filter>
    </ClInclude>
    <ClInclude Include="bitpointer.hpp">
      <Filter>mem</Filter>
    </ClInclude>
    <ClInclude Include="bigbitset.hpp">
      <Filter>util</Filter>
    </ClInclude>
    <ClInclude Include="base64.hpp">
      <Filter>enc</Filter>
    </ClInclude>
    <ClInclude Include="rtti.hpp">
      <Filter>mem</Filter>
    </ClInclude>
    <ClInclude Include="sha1.hpp">
      <Filter>hash</Filter>
    </ClInclude>
    <ClInclude Include="crypto_hash_algo.hpp">
      <Filter>hash</Filter>
    </ClInclude>
    <ClInclude Include="string.hpp">
      <Filter>util\string</Filter>
    </ClInclude>
    <ClInclude Include="obfus_string.hpp">
      <Filter>util\string</Filter>
    </ClInclude>
    <ClInclude Include="string_literal.hpp">
      <Filter>util\string</Filter>
    </ClInclude>
    <ClInclude Include="base.hpp" />
    <ClInclude Include="packet.hpp">
      <Filter>io</Filter>
    </ClInclude>
    <ClInclude Include="packet_writer.hpp">
      <Filter>io</Filter>
    </ClInclude>
    <ClInclude Include="packet_io_base.hpp">
      <Filter>io</Filter>
    </ClInclude>
    <ClInclude Include="packet_reader.hpp">
      <Filter>io</Filter>
    </ClInclude>
    <ClInclude Include="shortint_impl.hpp">
      <Filter>util</Filter>
    </ClInclude>
    <ClInclude Include="scoped_enum.hpp">
      <Filter>util</Filter>
    </ClInclude>
    <ClInclude Include="sha256.hpp">
      <Filter>hash</Filter>
    </ClInclude>
    <ClInclude Include="oid.hpp">
      <Filter>io</Filter>
    </ClInclude>
    <ClInclude Include="stream.hpp">
      <Filter>io</Filter>
    </ClInclude>
    <ClInclude Include="x509_certificate.hpp">
      <Filter>crypto\x509</Filter>
    </ClInclude>
    <ClInclude Include="x509_relative_distinguished_name.hpp">
      <Filter>crypto\x509</Filter>
    </ClInclude>
    <ClInclude Include="asn1_sequence.hpp">
      <Filter>io\asn1</Filter>
    </ClInclude>
    <ClInclude Include="asn1_identifier.hpp">
      <Filter>io\asn1</Filter>
    </ClInclude>
    <ClInclude Include="asn1_element.hpp">
      <Filter>io\asn1</Filter>
    </ClInclude>
    <ClInclude Include="asn1_type.hpp">
      <Filter>io\asn1</Filter>
    </ClInclude>
    <ClInclude Include="pem.hpp">
      <Filter>enc</Filter>
    </ClInclude>
    <ClInclude Include="aes.hpp">
      <Filter>crypto</Filter>
    </ClInclude>
    <ClInclude Include="tls_certificate.hpp">
      <Filter>net\tls</Filter>
    </ClInclude>
    <ClInclude Include="tls_client_hello.hpp">
      <Filter>net\tls</Filter>
    </ClInclude>
    <ClInclude Include="tls_client_hello_ext_server_name.hpp">
      <Filter>net\tls</Filter>
    </ClInclude>
    <ClInclude Include="tls_content_type.hpp">
      <Filter>net\tls</Filter>
    </ClInclude>
    <ClInclude Include="tls_encrypted_pre_master_secret.hpp">
      <Filter>net\tls</Filter>
    </ClInclude>
    <ClInclude Include="tls_handshake.hpp">
      <Filter>net\tls</Filter>
    </ClInclude>
    <ClInclude Include="tls_protocol_version.hpp">
      <Filter>net\tls</Filter>
    </ClInclude>
    <ClInclude Include="tls_random.hpp">
      <Filter>net\tls</Filter>
    </ClInclude>
    <ClInclude Include="tls_record.hpp">
      <Filter>net\tls</Filter>
    </ClInclude>
    <ClInclude Include="tls_server_hello.hpp">
      <Filter>net\tls</Filter>
    </ClInclude>
    <ClInclude Include="tls_mac.hpp">
      <Filter>net\tls</Filter>
    </ClInclude>
    <ClInclude Include="type.hpp" />
    <ClInclude Include="tls_alert_description.hpp">
      <Filter>net\tls</Filter>
    </ClInclude>
    <ClInclude Include="socket_tls_encrypter.hpp">
      <Filter>net\tls</Filter>
    </ClInclude>
    <ClInclude Include="socket_tls_handshaker.hpp">
      <Filter>net\tls</Filter>
    </ClInclude>
    <ClInclude Include="time.hpp">
      <Filter>util</Filter>
    </ClInclude>
    <ClInclude Include="ec.hpp">
      <Filter>crypto</Filter>
    </ClInclude>
    <ClInclude Include="tls_cipher_suite.hpp">
      <Filter>net\tls</Filter>
    </ClInclude>
    <ClInclude Include="tls_server_key_exchange.hpp">
      <Filter>net\tls</Filter>
    </ClInclude>
    <ClInclude Include="tls_extension_type.hpp">
      <Filter>net\tls</Filter>
    </ClInclude>
    <ClInclude Include="tls_client_hello_ext_elliptic_curves.hpp">
      <Filter>net\tls</Filter>
    </ClInclude>
    <ClInclude Include="named_curves.hpp">
      <Filter>net\tls</Filter>
    </ClInclude>
    <ClInclude Include="tls_hello_extensions.hpp">
      <Filter>net\tls</Filter>
    </ClInclude>
    <ClInclude Include="socket_tls_server_rsa_data.hpp">
      <Filter>net\tls</Filter>
    </ClInclude>
    <ClInclude Include="endianness.hpp">
      <Filter>util</Filter>
    </ClInclude>
    <ClInclude Include="optimised.hpp">
      <Filter>util</Filter>
    </ClInclude>
    <ClInclude Include="int_vector.hpp">
      <Filter>util</Filter>
    </ClInclude>
    <ClInclude Include="worker.hpp">
      <Filter>task</Filter>
    </ClInclude>
    <ClInclude Include="scheduler.hpp">
      <Filter>task</Filter>
    </ClInclude>
    <ClInclude Include="server.hpp">
      <Filter>net</Filter>
    </ClInclude>
    <ClInclude Include="promise.hpp">
      <Filter>task</Filter>
    </ClInclude>
    <ClInclude Include="mouse_button.hpp">
      <Filter>os</Filter>
    </ClInclude>
    <ClInclude Include="conui_app.hpp">
      <Filter>ui\conui</Filter>
    </ClInclude>
    <ClInclude Include="canvas.hpp">
      <Filter>ui</Filter>
    </ClInclude>
    <ClInclude Include="rgb.hpp">
      <Filter>ui</Filter>
    </ClInclude>
    <ClInclude Include="conui_span.hpp">
      <Filter>ui\conui</Filter>
    </ClInclude>
    <ClInclude Include="conui_base.hpp">
      <Filter>ui\conui</Filter>
    </ClInclude>
    <ClInclude Include="conui_div.hpp">
      <Filter>ui\conui</Filter>
    </ClInclude>
    <ClInclude Include="editor.hpp">
      <Filter>ui\editor</Filter>
    </ClInclude>
    <ClInclude Include="editor_tab.hpp">
      <Filter>ui\editor</Filter>
    </ClInclude>
    <ClInclude Include="callback.hpp">
      <Filter>task</Filter>
    </ClInclude>
    <ClInclude Include="capture.hpp">
      <Filter>task</Filter>
    </ClInclude>
    <ClInclude Include="editor_text.hpp">
      <Filter>ui\editor</Filter>
    </ClInclude>
    <ClInclude Include="signal.hpp">
      <Filter>os</Filter>
    </ClInclude>
    <ClInclude Include="control_input.hpp">
      <Filter>os</Filter>
    </ClInclude>
    <ClInclude Include="editor_file.hpp">
      <Filter>ui\editor</Filter>
    </ClInclude>
    <ClInclude Include="zip_reader.hpp">
      <Filter>io\zip</Filter>
    </ClInclude>
    <ClInclude Include="crc32.hpp">
      <Filter>hash</Filter>
    </ClInclude>
    <ClInclude Include="zip_central_directory_file.hpp">
      <Filter>io\zip</Filter>
    </ClInclude>
    <ClInclude Include="zip_end_of_central_directory.hpp">
      <Filter>io\zip</Filter>
    </ClInclude>
    <ClInclude Include="zip_file_common.hpp">
      <Filter>io\zip</Filter>
    </ClInclude>
    <ClInclude Include="zip_local_file_header.hpp">
      <Filter>io\zip</Filter>
    </ClInclude>
    <ClInclude Include="zip_writer.hpp">
      <Filter>io\zip</Filter>
    </ClInclude>
    <ClInclude Include="zip_indexed_file.hpp">
      <Filter>io\zip</Filter>
    </ClInclude>
    <ClInclude Include="bit_in_stream.hpp">
      <Filter>io</Filter>
    </ClInclude>
    <ClInclude Include="keystore.hpp">
      <Filter>crypto</Filter>
    </ClInclude>
    <ClInclude Include="certchain.hpp">
      <Filter>crypto\x509</Filter>
    </ClInclude>
    <ClInclude Include="unique_ptr.hpp">
      <Filter>util</Filter>
    </ClInclude>
    <ClInclude Include="chessboard.hpp">
      <Filter>chess</Filter>
    </ClInclude>
    <ClInclude Include="chess_square.hpp">
      <Filter>chess</Filter>
    </ClInclude>
    <ClInclude Include="chess_piece.hpp">
      <Filter>chess</Filter>
    </ClInclude>
    <ClInclude Include="chess_coordinate.hpp">
      <Filter>chess</Filter>
    </ClInclude>
    <ClInclude Include="chess_cli.hpp">
      <Filter>chess</Filter>
    </ClInclude>
    <ClInclude Include="deleter.hpp">
      <Filter>util</Filter>
    </ClInclude>
    <ClInclude Include="http_request.hpp">
      <Filter>net\web</Filter>
    </ClInclude>
    <ClInclude Include="mime_message.hpp">
      <Filter>enc\mime</Filter>
    </ClInclude>
    <ClInclude Include="urlenc.hpp">
      <Filter>enc</Filter>
    </ClInclude>
    <ClInclude Include="http_response.hpp">
      <Filter>net\web</Filter>
    </ClInclude>
  </ItemGroup>
  <ItemGroup>
    <ClCompile Include="assembly_builder.cpp">
      <Filter>mem</Filter>
    </ClCompile>
    <ClCompile Include="bytepatch.cpp">
      <Filter>mem</Filter>
    </ClCompile>
    <ClCompile Include="memory_buffer.cpp">
      <Filter>mem</Filter>
    </ClCompile>
    <ClCompile Include="pattern.cpp">
      <Filter>mem</Filter>
    </ClCompile>
    <ClCompile Include="pointer.cpp">
      <Filter>mem</Filter>
    </ClCompile>
    <ClCompile Include="range.cpp">
      <Filter>mem</Filter>
    </ClCompile>
    <ClCompile Include="thread.cpp">
      <Filter>os</Filter>
    </ClCompile>
    <ClCompile Include="process.cpp">
      <Filter>os</Filter>
    </ClCompile>
    <ClCompile Include="module.cpp">
      <Filter>os</Filter>
    </ClCompile>
    <ClCompile Include="unicode.cpp">
      <Filter>enc</Filter>
    </ClCompile>
    <ClCompile Include="box.cpp">
      <Filter>math</Filter>
    </ClCompile>
    <ClCompile Include="box_corners.cpp">
      <Filter>math</Filter>
    </ClCompile>
    <ClCompile Include="box_axis_aligned.cpp">
      <Filter>math</Filter>
    </ClCompile>
    <ClCompile Include="poly.cpp">
      <Filter>math</Filter>
    </ClCompile>
    <ClCompile Include="socket.cpp">
      <Filter>net</Filter>
    </ClCompile>
    <ClCompile Include="dns.cpp">
      <Filter>net\dns</Filter>
    </ClCompile>
    <ClCompile Include="bigint.cpp">
      <Filter>math</Filter>
    </ClCompile>
    <ClCompile Include="rsa.cpp">
      <Filter>crypto</Filter>
    </ClCompile>
    <ClCompile Include="base64.cpp">
      <Filter>enc</Filter>
    </ClCompile>
    <ClCompile Include="rtti.cpp">
      <Filter>mem</Filter>
    </ClCompile>
    <ClCompile Include="sha1.cpp">
      <Filter>hash</Filter>
    </ClCompile>
    <ClCompile Include="sha256.cpp">
      <Filter>hash</Filter>
    </ClCompile>
    <ClCompile Include="oid.cpp">
      <Filter>io</Filter>
    </ClCompile>
    <ClCompile Include="x509_certificate.cpp">
      <Filter>crypto\x509</Filter>
    </ClCompile>
    <ClCompile Include="wasm.cpp" />
    <ClCompile Include="asn1_sequence.cpp">
      <Filter>io\asn1</Filter>
    </ClCompile>
    <ClCompile Include="pem.cpp">
      <Filter>enc</Filter>
    </ClCompile>
    <ClCompile Include="aes.cpp">
      <Filter>crypto</Filter>
    </ClCompile>
    <ClCompile Include="socket_tls_encrypter.cpp">
      <Filter>net\tls</Filter>
    </ClCompile>
    <ClCompile Include="socket_tls_handshaker.cpp">
      <Filter>net\tls</Filter>
    </ClCompile>
    <ClCompile Include="ec.cpp">
      <Filter>crypto</Filter>
    </ClCompile>
    <ClCompile Include="scheduler.cpp">
      <Filter>task</Filter>
    </ClCompile>
    <ClCompile Include="worker.cpp">
      <Filter>task</Filter>
    </ClCompile>
    <ClCompile Include="server.cpp">
      <Filter>net</Filter>
    </ClCompile>
    <ClCompile Include="console.cpp">
      <Filter>os</Filter>
    </ClCompile>
    <ClCompile Include="canvas.cpp">
      <Filter>ui</Filter>
    </ClCompile>
    <ClCompile Include="conui_span.cpp">
      <Filter>ui\conui</Filter>
    </ClCompile>
    <ClCompile Include="conui_app.cpp">
      <Filter>ui\conui</Filter>
    </ClCompile>
    <ClCompile Include="conui_base.cpp">
      <Filter>ui\conui</Filter>
    </ClCompile>
    <ClCompile Include="rgb.cpp">
      <Filter>ui</Filter>
    </ClCompile>
    <ClCompile Include="editor.cpp">
      <Filter>ui\editor</Filter>
    </ClCompile>
    <ClCompile Include="editor_tab.cpp">
      <Filter>ui\editor</Filter>
    </ClCompile>
    <ClCompile Include="editor_text.cpp">
      <Filter>ui\editor</Filter>
    </ClCompile>
    <ClCompile Include="string.cpp">
      <Filter>util\string</Filter>
    </ClCompile>
    <ClCompile Include="crc32.cpp">
      <Filter>hash</Filter>
    </ClCompile>
    <ClCompile Include="quaternion.cpp">
      <Filter>math</Filter>
    </ClCompile>
    <ClCompile Include="matrix.cpp">
      <Filter>math</Filter>
    </ClCompile>
    <ClCompile Include="zip_reader.cpp">
      <Filter>io\zip</Filter>
    </ClCompile>
    <ClCompile Include="zip_writer.cpp">
      <Filter>io\zip</Filter>
    </ClCompile>
    <ClCompile Include="keystore.cpp">
      <Filter>crypto</Filter>
    </ClCompile>
    <ClCompile Include="certchain.cpp">
      <Filter>crypto\x509</Filter>
    </ClCompile>
    <ClCompile Include="chess_cli.cpp">
      <Filter>chess</Filter>
    </ClCompile>
    <ClCompile Include="chess_square.cpp">
      <Filter>chess</Filter>
    </ClCompile>
    <ClCompile Include="chessboard.cpp">
      <Filter>chess</Filter>
    </ClCompile>
    <ClCompile Include="mime_message.cpp">
      <Filter>enc\mime</Filter>
    </ClCompile>
    <ClCompile Include="urlenc.cpp">
      <Filter>enc</Filter>
    </ClCompile>
    <ClCompile Include="http_request.cpp">
      <Filter>net\web</Filter>
    </ClCompile>
  </ItemGroup>
  <ItemGroup>
    <Filter Include="os">
      <UniqueIdentifier>{f93928c1-dcc7-414f-aa35-092f9c01254c}</UniqueIdentifier>
    </Filter>
    <Filter Include="net">
      <UniqueIdentifier>{a908246f-7651-4858-a665-d6c359ed73d4}</UniqueIdentifier>
    </Filter>
    <Filter Include="os\windows">
      <UniqueIdentifier>{8662bd3c-4741-400c-8355-6a34ac8e770f}</UniqueIdentifier>
    </Filter>
    <Filter Include="math">
      <UniqueIdentifier>{4bcbb6ff-ce7a-473c-8330-c8f6a9c1e764}</UniqueIdentifier>
    </Filter>
    <Filter Include="mem">
      <UniqueIdentifier>{2a5982c9-2e94-4883-be44-862fd3d7e0b6}</UniqueIdentifier>
    </Filter>
    <Filter Include="enc">
      <UniqueIdentifier>{3b89e66c-36d7-41ec-91a7-466f49a78190}</UniqueIdentifier>
    </Filter>
    <Filter Include="net\dns">
      <UniqueIdentifier>{ec3c2669-f70f-495e-91fb-4ef47a97d5df}</UniqueIdentifier>
    </Filter>
    <Filter Include="crypto">
      <UniqueIdentifier>{2977e49c-bf74-490c-a67a-0888e8df098f}</UniqueIdentifier>
    </Filter>
    <Filter Include="hash">
      <UniqueIdentifier>{31591c67-cd1c-4cc1-82c8-9cbbca1dba34}</UniqueIdentifier>
    </Filter>
    <Filter Include="io">
      <UniqueIdentifier>{dba0001f-054d-4ddf-ba50-932ef7505446}</UniqueIdentifier>
    </Filter>
    <Filter Include="crypto\x509">
      <UniqueIdentifier>{ac1efe97-34c7-4c84-ae8e-6772370e049c}</UniqueIdentifier>
    </Filter>
    <Filter Include="io\asn1">
      <UniqueIdentifier>{226c8613-6f40-4b31-98c9-5b22b100c1ca}</UniqueIdentifier>
    </Filter>
    <Filter Include="net\tls">
      <UniqueIdentifier>{ad3f66ba-4aaa-4648-8066-12c3d553bfb6}</UniqueIdentifier>
    </Filter>
    <Filter Include="task">
      <UniqueIdentifier>{b14f98a7-4337-4266-8f79-7c3942c95cbb}</UniqueIdentifier>
    </Filter>
    <Filter Include="ui">
      <UniqueIdentifier>{8ae8a474-8788-479f-91a0-1146f0b02f9f}</UniqueIdentifier>
    </Filter>
    <Filter Include="ui\conui">
      <UniqueIdentifier>{05898064-5c55-4356-aa00-29a449c503ea}</UniqueIdentifier>
    </Filter>
    <Filter Include="ui\editor">
      <UniqueIdentifier>{7dd9aa6c-701c-402c-9c96-dc2194ba2344}</UniqueIdentifier>
    </Filter>
    <Filter Include="util">
      <UniqueIdentifier>{1c7b8b47-6f42-4f4b-953a-ae2ebda20781}</UniqueIdentifier>
    </Filter>
    <Filter Include="util\string">
      <UniqueIdentifier>{db02d3fa-069e-4d94-ac69-1ceda5822d24}</UniqueIdentifier>
    </Filter>
    <Filter Include="io\zip">
      <UniqueIdentifier>{5e908491-421e-426f-ad6f-f870c4b0a291}</UniqueIdentifier>
    </Filter>
    <Filter Include="chess">
      <UniqueIdentifier>{4a2a3fea-b914-4a9e-b7c3-c051aa854664}</UniqueIdentifier>
    </Filter>
    <Filter Include="net\web">
      <UniqueIdentifier>{107b4f0f-f5db-4e5f-9a6a-8893289fac04}</UniqueIdentifier>
    </Filter>
    <Filter Include="enc\mime">
      <UniqueIdentifier>{0f633a4f-04c0-44e0-b0e4-8bd4e5a65e67}</UniqueIdentifier>
    </Filter>
  </ItemGroup>
</Project>