<?xml version="1.0" encoding="utf-8"?>
<Project ToolsVersion="4.0" xmlns="http://schemas.microsoft.com/developer/msbuild/2003">
  <ItemGroup>
    <ClInclude Include="fwd.hpp" />
    <ClInclude Include="macros.hpp" />
    <ClInclude Include="AllocRaii.hpp">
      <Filter>mem</Filter>
    </ClInclude>
    <ClInclude Include="AssemblyBuilder.hpp">
      <Filter>mem</Filter>
    </ClInclude>
    <ClInclude Include="AllocRaiiRemote.hpp">
      <Filter>mem</Filter>
    </ClInclude>
    <ClInclude Include="Bytepatch.hpp">
      <Filter>mem</Filter>
    </ClInclude>
    <ClInclude Include="BytepatchExternal.hpp">
      <Filter>mem</Filter>
    </ClInclude>
    <ClInclude Include="MemoryBuffer.hpp">
      <Filter>mem</Filter>
    </ClInclude>
    <ClInclude Include="Pattern.hpp">
      <Filter>mem</Filter>
    </ClInclude>
    <ClInclude Include="CompiletimePattern.hpp">
      <Filter>mem</Filter>
    </ClInclude>
    <ClInclude Include="CompiletimePatternBase.hpp">
      <Filter>mem</Filter>
    </ClInclude>
    <ClInclude Include="CompiletimePatternWithOptBytesBase.hpp">
      <Filter>mem</Filter>
    </ClInclude>
    <ClInclude Include="pattern_macros.hpp">
      <Filter>mem</Filter>
    </ClInclude>
    <ClInclude Include="CompiletimePatternWithOptBytes.hpp">
      <Filter>mem</Filter>
    </ClInclude>
    <ClInclude Include="Pointer.hpp">
      <Filter>mem</Filter>
    </ClInclude>
    <ClInclude Include="Pointerlike.hpp">
      <Filter>mem</Filter>
    </ClInclude>
    <ClInclude Include="Range.hpp">
      <Filter>mem</Filter>
    </ClInclude>
    <ClInclude Include="VirtualRegion.hpp">
      <Filter>mem</Filter>
    </ClInclude>
    <ClInclude Include="Window.hpp">
      <Filter>os</Filter>
    </ClInclude>
    <ClInclude Include="Thread.hpp">
      <Filter>os</Filter>
    </ClInclude>
    <ClInclude Include="Process.hpp">
      <Filter>os</Filter>
    </ClInclude>
    <ClInclude Include="IpAddr.hpp">
      <Filter>net</Filter>
    </ClInclude>
    <ClInclude Include="SocketAddr.hpp">
      <Filter>net</Filter>
    </ClInclude>
    <ClInclude Include="Socket.hpp">
      <Filter>net</Filter>
    </ClInclude>
    <ClInclude Include="console.hpp">
      <Filter>os</Filter>
    </ClInclude>
    <ClInclude Include="Vector4.hpp">
      <Filter>math</Filter>
    </ClInclude>
    <ClInclude Include="VectorBase.hpp">
      <Filter>math</Filter>
    </ClInclude>
    <ClInclude Include="math.hpp">
      <Filter>math</Filter>
    </ClInclude>
    <ClInclude Include="Vector2.hpp">
      <Filter>math</Filter>
    </ClInclude>
    <ClInclude Include="Vector3.hpp">
      <Filter>math</Filter>
    </ClInclude>
    <ClInclude Include="Vector3Base.hpp">
      <Filter>math</Filter>
    </ClInclude>
    <ClInclude Include="Module.hpp">
      <Filter>os</Filter>
    </ClInclude>
    <ClInclude Include="HandleRaii.hpp">
      <Filter>os\windows</Filter>
    </ClInclude>
    <ClInclude Include="HandleBase.hpp">
      <Filter>os\windows</Filter>
    </ClInclude>
    <ClInclude Include="HandlePlain.hpp">
      <Filter>os\windows</Filter>
    </ClInclude>
    <ClInclude Include="Bigint.hpp">
      <Filter>math</Filter>
    </ClInclude>
    <ClInclude Include="rsa.hpp">
      <Filter>crypto</Filter>
    </ClInclude>
    <ClInclude Include="shortint.hpp">
      <Filter>util</Filter>
    </ClInclude>
    <ClInclude Include="rand.hpp">
      <Filter>util</Filter>
    </ClInclude>
    <ClInclude Include="BitPointer.hpp">
      <Filter>mem</Filter>
    </ClInclude>
    <ClInclude Include="rtti.hpp">
      <Filter>mem</Filter>
    </ClInclude>
    <ClInclude Include="sha1.hpp">
      <Filter>data\hash</Filter>
    </ClInclude>
    <ClInclude Include="CryptoHashAlgo.hpp">
      <Filter>data\hash</Filter>
    </ClInclude>
    <ClInclude Include="string.hpp">
      <Filter>util\string</Filter>
    </ClInclude>
    <ClInclude Include="ObfusString.hpp">
      <Filter>util\string</Filter>
    </ClInclude>
    <ClInclude Include="StringLiteral.hpp">
      <Filter>util\string</Filter>
    </ClInclude>
    <ClInclude Include="base.hpp" />
    <ClInclude Include="Packet.hpp">
      <Filter>io</Filter>
    </ClInclude>
    <ClInclude Include="shortint_impl.hpp">
      <Filter>util</Filter>
    </ClInclude>
    <ClInclude Include="scoped_enum.hpp">
      <Filter>util</Filter>
    </ClInclude>
    <ClInclude Include="sha256.hpp">
      <Filter>data\hash</Filter>
    </ClInclude>
    <ClInclude Include="X509Certificate.hpp">
      <Filter>crypto\x509</Filter>
    </ClInclude>
    <ClInclude Include="X509RelativeDistinguishedName.hpp">
      <Filter>crypto\x509</Filter>
    </ClInclude>
    <ClInclude Include="Asn1Sequence.hpp">
      <Filter>data\asn1</Filter>
    </ClInclude>
    <ClInclude Include="Asn1Identifier.hpp">
      <Filter>data\asn1</Filter>
    </ClInclude>
    <ClInclude Include="Asn1Element.hpp">
      <Filter>data\asn1</Filter>
    </ClInclude>
    <ClInclude Include="Asn1Type.hpp">
      <Filter>data\asn1</Filter>
    </ClInclude>
    <ClInclude Include="aes.hpp">
      <Filter>crypto</Filter>
    </ClInclude>
    <ClInclude Include="TlsCertificate.hpp">
      <Filter>net\tls</Filter>
    </ClInclude>
    <ClInclude Include="TlsClientHello.hpp">
      <Filter>net\tls</Filter>
    </ClInclude>
    <ClInclude Include="TlsClientHelloExtServerName.hpp">
      <Filter>net\tls</Filter>
    </ClInclude>
    <ClInclude Include="TlsContentType.hpp">
      <Filter>net\tls</Filter>
    </ClInclude>
    <ClInclude Include="TlsEncryptedPreMasterSecret.hpp">
      <Filter>net\tls</Filter>
    </ClInclude>
    <ClInclude Include="TlsHandshake.hpp">
      <Filter>net\tls</Filter>
    </ClInclude>
    <ClInclude Include="TlsProtocolVersion.hpp">
      <Filter>net\tls</Filter>
    </ClInclude>
    <ClInclude Include="TlsRandom.hpp">
      <Filter>net\tls</Filter>
    </ClInclude>
    <ClInclude Include="TlsRecord.hpp">
      <Filter>net\tls</Filter>
    </ClInclude>
    <ClInclude Include="TlsServerHello.hpp">
      <Filter>net\tls</Filter>
    </ClInclude>
    <ClInclude Include="TlsMac.hpp">
      <Filter>net\tls</Filter>
    </ClInclude>
    <ClInclude Include="type.hpp" />
    <ClInclude Include="TlsAlertDescription.hpp">
      <Filter>net\tls</Filter>
    </ClInclude>
    <ClInclude Include="SocketTlsEncrypter.hpp">
      <Filter>net\tls</Filter>
    </ClInclude>
    <ClInclude Include="SocketTlsHandshaker.hpp">
      <Filter>net\tls</Filter>
    </ClInclude>
    <ClInclude Include="time.hpp">
      <Filter>util</Filter>
    </ClInclude>
    <ClInclude Include="ec.hpp">
      <Filter>crypto</Filter>
    </ClInclude>
    <ClInclude Include="TlsCipherSuite.hpp">
      <Filter>net\tls</Filter>
    </ClInclude>
    <ClInclude Include="TlsServerKeyExchange.hpp">
      <Filter>net\tls</Filter>
    </ClInclude>
    <ClInclude Include="TlsExtensionType.hpp">
      <Filter>net\tls</Filter>
    </ClInclude>
    <ClInclude Include="TlsClientHelloExtEllipticCurves.hpp">
      <Filter>net\tls</Filter>
    </ClInclude>
    <ClInclude Include="NamedCurves.hpp">
      <Filter>net\tls</Filter>
    </ClInclude>
    <ClInclude Include="TlsHelloExtensions.hpp">
      <Filter>net\tls</Filter>
    </ClInclude>
    <ClInclude Include="TlsServerRsaData.hpp">
      <Filter>net\tls</Filter>
    </ClInclude>
    <ClInclude Include="branchless.hpp">
      <Filter>util</Filter>
    </ClInclude>
    <ClInclude Include="Worker.hpp">
      <Filter>task</Filter>
    </ClInclude>
    <ClInclude Include="Scheduler.hpp">
      <Filter>task</Filter>
    </ClInclude>
    <ClInclude Include="Server.hpp">
      <Filter>net</Filter>
    </ClInclude>
    <ClInclude Include="Promise.hpp">
      <Filter>task</Filter>
    </ClInclude>
    <ClInclude Include="MouseButton.hpp">
      <Filter>os</Filter>
    </ClInclude>
    <ClInclude Include="ConuiApp.hpp">
      <Filter>vis\ui\conui</Filter>
    </ClInclude>
    <ClInclude Include="ConuiSpan.hpp">
      <Filter>vis\ui\conui</Filter>
    </ClInclude>
    <ClInclude Include="ConuiBase.hpp">
      <Filter>vis\ui\conui</Filter>
    </ClInclude>
    <ClInclude Include="ConuiDiv.hpp">
      <Filter>vis\ui\conui</Filter>
    </ClInclude>
    <ClInclude Include="Editor.hpp">
      <Filter>vis\ui\editor</Filter>
    </ClInclude>
    <ClInclude Include="EditorTab.hpp">
      <Filter>vis\ui\editor</Filter>
    </ClInclude>
    <ClInclude Include="Callback.hpp">
      <Filter>task</Filter>
    </ClInclude>
    <ClInclude Include="Capture.hpp">
      <Filter>task</Filter>
    </ClInclude>
    <ClInclude Include="EditorText.hpp">
      <Filter>vis\ui\editor</Filter>
    </ClInclude>
    <ClInclude Include="signal.hpp">
      <Filter>os</Filter>
    </ClInclude>
    <ClInclude Include="ControlInput.hpp">
      <Filter>os</Filter>
    </ClInclude>
    <ClInclude Include="EditorFile.hpp">
      <Filter>vis\ui\editor</Filter>
    </ClInclude>
    <ClInclude Include="ZipReader.hpp">
      <Filter>io\zip</Filter>
    </ClInclude>
    <ClInclude Include="crc32.hpp">
      <Filter>data\hash</Filter>
    </ClInclude>
    <ClInclude Include="ZipCentralDirectoryFile.hpp">
      <Filter>io\zip</Filter>
    </ClInclude>
    <ClInclude Include="ZipEndOfCentralDirectory.hpp">
      <Filter>io\zip</Filter>
    </ClInclude>
    <ClInclude Include="ZipFileCommon.hpp">
      <Filter>io\zip</Filter>
    </ClInclude>
    <ClInclude Include="ZipLocalFileHeader.hpp">
      <Filter>io\zip</Filter>
    </ClInclude>
    <ClInclude Include="ZipWriter.hpp">
      <Filter>io\zip</Filter>
    </ClInclude>
    <ClInclude Include="ZipIndexedFile.hpp">
      <Filter>io\zip</Filter>
    </ClInclude>
    <ClInclude Include="Keystore.hpp">
      <Filter>crypto</Filter>
    </ClInclude>
    <ClInclude Include="Certchain.hpp">
      <Filter>crypto\x509</Filter>
    </ClInclude>
    <ClInclude Include="Chessboard.hpp">
      <Filter>chess</Filter>
    </ClInclude>
    <ClInclude Include="ChessSquare.hpp">
      <Filter>chess</Filter>
    </ClInclude>
    <ClInclude Include="ChessPiece.hpp">
      <Filter>chess</Filter>
    </ClInclude>
    <ClInclude Include="ChessCoordinate.hpp">
      <Filter>chess</Filter>
    </ClInclude>
    <ClInclude Include="ChessCli.hpp">
      <Filter>chess</Filter>
    </ClInclude>
    <ClInclude Include="HttpRequest.hpp">
      <Filter>net\web</Filter>
    </ClInclude>
    <ClInclude Include="MimeMessage.hpp">
      <Filter>data\mime</Filter>
    </ClInclude>
    <ClInclude Include="HttpResponse.hpp">
      <Filter>net\web</Filter>
    </ClInclude>
    <ClInclude Include="WordType.hpp">
      <Filter>ling</Filter>
    </ClInclude>
    <ClInclude Include="WordMeaning.hpp">
      <Filter>ling</Filter>
    </ClInclude>
    <ClInclude Include="DictionaryWord.hpp">
      <Filter>ling</Filter>
    </ClInclude>
    <ClInclude Include="JsonNode.hpp">
      <Filter>data\json</Filter>
    </ClInclude>
    <ClInclude Include="JsonString.hpp">
      <Filter>data\json</Filter>
    </ClInclude>
    <ClInclude Include="JsonInt.hpp">
      <Filter>data\json</Filter>
    </ClInclude>
    <ClInclude Include="JsonArray.hpp">
      <Filter>data\json</Filter>
    </ClInclude>
    <ClInclude Include="json.hpp">
      <Filter>data\json</Filter>
    </ClInclude>
    <ClInclude Include="Oid.hpp">
      <Filter>data</Filter>
    </ClInclude>
    <ClInclude Include="JsonNodeType.hpp">
      <Filter>data\json</Filter>
    </ClInclude>
    <ClInclude Include="Reader.hpp">
      <Filter>io\stream</Filter>
    </ClInclude>
    <ClInclude Include="FileReader.hpp">
      <Filter>io\stream</Filter>
    </ClInclude>
    <ClInclude Include="StringReader.hpp">
      <Filter>io\stream</Filter>
    </ClInclude>
    <ClInclude Include="IoBase.hpp">
      <Filter>io\stream</Filter>
    </ClInclude>
    <ClInclude Include="IstreamReader.hpp">
      <Filter>io\stream</Filter>
    </ClInclude>
    <ClInclude Include="Writer.hpp">
      <Filter>io\stream</Filter>
    </ClInclude>
    <ClInclude Include="OstreamWriter.hpp">
      <Filter>io\stream</Filter>
    </ClInclude>
    <ClInclude Include="StringWriter.hpp">
      <Filter>io\stream</Filter>
    </ClInclude>
    <ClInclude Include="JsonObject.hpp">
      <Filter>data\json</Filter>
    </ClInclude>
    <ClInclude Include="JsonNull.hpp">
      <Filter>data\json</Filter>
    </ClInclude>
    <ClInclude Include="JsonBool.hpp">
      <Filter>data\json</Filter>
    </ClInclude>
    <ClInclude Include="JsonFloat.hpp">
      <Filter>data\json</Filter>
    </ClInclude>
    <ClInclude Include="Dictionary.hpp">
      <Filter>ling</Filter>
    </ClInclude>
    <ClInclude Include="WebResource.hpp">
      <Filter>net\web</Filter>
    </ClInclude>
    <ClInclude Include="Matrix.hpp">
      <Filter>math\3d</Filter>
    </ClInclude>
    <ClInclude Include="Mesh.hpp">
      <Filter>math\3d</Filter>
    </ClInclude>
    <ClInclude Include="Poly.hpp">
      <Filter>math\3d</Filter>
    </ClInclude>
    <ClInclude Include="Quaternion.hpp">
      <Filter>math\3d</Filter>
    </ClInclude>
    <ClInclude Include="Ray.hpp">
      <Filter>math\3d</Filter>
    </ClInclude>
    <ClInclude Include="PolyVector.hpp">
      <Filter>math\3d</Filter>
    </ClInclude>
    <ClInclude Include="Box.hpp">
      <Filter>math\3d\box</Filter>
    </ClInclude>
    <ClInclude Include="BoxAxisAligned.hpp">
      <Filter>math\3d\box</Filter>
    </ClInclude>
    <ClInclude Include="BoxCorners.hpp">
      <Filter>math\3d\box</Filter>
    </ClInclude>
    <ClInclude Include="Sphere.hpp">
      <Filter>math\3d\sphere</Filter>
    </ClInclude>
    <ClInclude Include="UvSphere.hpp">
      <Filter>math\3d\sphere</Filter>
    </ClInclude>
    <ClInclude Include="os.hpp">
      <Filter>os</Filter>
    </ClInclude>
    <ClInclude Include="QrCode.hpp">
      <Filter>vis</Filter>
    </ClInclude>
    <ClInclude Include="Notifyable.hpp">
      <Filter>task</Filter>
    </ClInclude>
    <ClInclude Include="Uri.hpp">
      <Filter>net\web</Filter>
    </ClInclude>
    <ClInclude Include="MimeType.hpp">
      <Filter>data\mime</Filter>
    </ClInclude>
    <ClInclude Include="adler32.hpp">
      <Filter>data\hash</Filter>
    </ClInclude>
    <ClInclude Include="joaat.hpp">
      <Filter>data\hash</Filter>
    </ClInclude>
    <ClInclude Include="Canvas.hpp">
      <Filter>vis</Filter>
    </ClInclude>
    <ClInclude Include="Rgb.hpp">
      <Filter>vis</Filter>
    </ClInclude>
    <ClInclude Include="Plane.hpp">
      <Filter>math\3d</Filter>
    </ClInclude>
    <ClInclude Include="PointLight.hpp">
      <Filter>math\3d</Filter>
    </ClInclude>
    <ClInclude Include="dns.hpp">
      <Filter>net</Filter>
    </ClInclude>
    <ClInclude Include="ServerWebService.hpp">
      <Filter>net\web</Filter>
    </ClInclude>
    <ClInclude Include="main.hpp">
      <Filter>util</Filter>
    </ClInclude>
    <ClInclude Include="WebSocketMessage.hpp">
      <Filter>net\web\websocket</Filter>
    </ClInclude>
    <ClInclude Include="WebSocketFrameType.hpp">
      <Filter>net\web\websocket</Filter>
    </ClInclude>
    <ClInclude Include="type_traits.hpp">
      <Filter>util</Filter>
    </ClInclude>
    <ClInclude Include="ServerService.hpp">
      <Filter>net\web</Filter>
    </ClInclude>
    <ClInclude Include="bcrypt.hpp">
      <Filter>crypto</Filter>
    </ClInclude>
    <ClInclude Include="RasterFont.hpp">
      <Filter>vis</Filter>
    </ClInclude>
    <ClInclude Include="Layout.hpp">
      <Filter>vis</Filter>
    </ClInclude>
    <ClInclude Include="RenderTarget.hpp">
      <Filter>vis\render</Filter>
    </ClInclude>
    <ClInclude Include="RenderTargetCanvas.hpp">
      <Filter>vis\render</Filter>
    </ClInclude>
    <ClInclude Include="RenderTargetWindow.hpp">
      <Filter>vis\render</Filter>
    </ClInclude>
    <ClInclude Include="BigBitset.hpp">
      <Filter>data</Filter>
    </ClInclude>
    <ClInclude Include="Bitset.hpp">
      <Filter>data</Filter>
    </ClInclude>
    <ClInclude Include="bitmask.hpp">
      <Filter>data</Filter>
    </ClInclude>
    <ClInclude Include="deleter_impl.hpp">
      <Filter>data</Filter>
    </ClInclude>
    <ClInclude Include="UniquePtr.hpp">
      <Filter>data</Filter>
    </ClInclude>
    <ClInclude Include="StructMap.hpp">
      <Filter>data</Filter>
    </ClInclude>
    <ClInclude Include="endianness.hpp">
      <Filter>data</Filter>
    </ClInclude>
    <ClInclude Include="DerivableMap.hpp">
      <Filter>data</Filter>
    </ClInclude>
    <ClInclude Include="IntVector.hpp">
      <Filter>data</Filter>
    </ClInclude>
    <ClInclude Include="base64.hpp">
      <Filter>data\enc</Filter>
    </ClInclude>
    <ClInclude Include="deflate.hpp">
      <Filter>data\enc</Filter>
    </ClInclude>
    <ClInclude Include="pem.hpp">
      <Filter>data\enc</Filter>
    </ClInclude>
    <ClInclude Include="urlenc.hpp">
      <Filter>data\enc</Filter>
    </ClInclude>
    <ClInclude Include="unicode.hpp">
      <Filter>data\enc</Filter>
    </ClInclude>
    <ClInclude Include="FileWriter.hpp">
      <Filter>io\stream</Filter>
    </ClInclude>
    <ClInclude Include="YubikeyValidator.hpp">
      <Filter>crypto</Filter>
    </ClInclude>
    <ClInclude Include="ShortString.hpp">
      <Filter>util\string</Filter>
    </ClInclude>
    <ClInclude Include="AtomicDeque.hpp">
      <Filter>util\atomic_containers</Filter>
    </ClInclude>
    <ClInclude Include="AtomicStack.hpp">
      <Filter>util\atomic_containers</Filter>
    </ClInclude>
    <ClInclude Include="PoppedNode.hpp">
      <Filter>util\atomic_containers</Filter>
    </ClInclude>
    <ClInclude Include="LinkedIterator.hpp">
      <Filter>util\atomic_containers</Filter>
    </ClInclude>
    <ClInclude Include="ModuleHider.hpp">
      <Filter>os</Filter>
    </ClInclude>
    <ClInclude Include="structing.hpp">
      <Filter>util</Filter>
    </ClInclude>
    <ClInclude Include="OpaqueString.hpp">
      <Filter>util\string</Filter>
    </ClInclude>
    <ClInclude Include="MysqlHandshake.hpp">
      <Filter>net\mysql</Filter>
    </ClInclude>
    <ClInclude Include="MysqlHandshakeResponse.hpp">
      <Filter>net\mysql</Filter>
    </ClInclude>
    <ClInclude Include="MysqlFrame.hpp">
      <Filter>net\mysql</Filter>
    </ClInclude>
    <ClInclude Include="MysqlCapabilities.hpp">
      <Filter>net\mysql</Filter>
    </ClInclude>
    <ClInclude Include="MysqlAuthSwitchRequest.hpp">
      <Filter>net\mysql</Filter>
    </ClInclude>
    <ClInclude Include="MysqlConnection.hpp">
      <Filter>net\mysql</Filter>
    </ClInclude>
    <ClInclude Include="MysqlColumnDefinition.hpp">
      <Filter>net\mysql</Filter>
    </ClInclude>
    <ClInclude Include="MysqlFieldType.hpp">
      <Filter>net\mysql</Filter>
    </ClInclude>
    <ClInclude Include="MysqlStmtPrepareOk.hpp">
      <Filter>net\mysql</Filter>
    </ClInclude>
    <ClInclude Include="MysqlStmtExecute.hpp">
      <Filter>net\mysql</Filter>
    </ClInclude>
    <ClInclude Include="Mixed.hpp">
      <Filter>util</Filter>
    </ClInclude>
    <ClInclude Include="Fiber.hpp">
      <Filter>task</Filter>
    </ClInclude>
    <ClInclude Include="code_tree.hpp">
      <Filter>util</Filter>
    </ClInclude>
    <ClInclude Include="unit_testing.hpp">
      <Filter>util</Filter>
    </ClInclude>
    <ClInclude Include="SourceLocation.hpp">
      <Filter>util</Filter>
    </ClInclude>
    <ClInclude Include="TreeNode.hpp">
      <Filter>util</Filter>
    </ClInclude>
    <ClInclude Include="elo.hpp">
      <Filter>chess</Filter>
    </ClInclude>
    <ClInclude Include="Bigfloat.hpp">
      <Filter>math</Filter>
    </ClInclude>
    <ClInclude Include="acme.hpp">
      <Filter>net\web</Filter>
    </ClInclude>
    <ClInclude Include="PhpState.hpp">
      <Filter>lang</Filter>
    </ClInclude>
    <ClInclude Include="Lexeme.hpp">
      <Filter>lang</Filter>
    </ClInclude>
    <ClInclude Include="ParseError.hpp">
      <Filter>lang</Filter>
    </ClInclude>
    <ClInclude Include="ffi.hpp">
      <Filter>os</Filter>
    </ClInclude>
    <ClInclude Include="Searchspace.hpp">
      <Filter>util</Filter>
    </ClInclude>
    <ClInclude Include="parse_tree.hpp">
      <Filter>lang</Filter>
    </ClInclude>
    <ClInclude Include="FormattedText.hpp">
      <Filter>vis</Filter>
    </ClInclude>
    <ClInclude Include="LangDesc.hpp">
      <Filter>lang</Filter>
    </ClInclude>
    <ClInclude Include="ConstString.hpp">
      <Filter>util</Filter>
    </ClInclude>
    <ClInclude Include="ParserState.hpp">
      <Filter>lang</Filter>
    </ClInclude>
    <ClInclude Include="Op.hpp">
      <Filter>lang</Filter>
    </ClInclude>
    <ClInclude Include="LangVm.hpp">
      <Filter>lang</Filter>
    </ClInclude>
    <ClInclude Include="BuiltinOp.hpp">
      <Filter>lang</Filter>
    </ClInclude>
    <ClInclude Include="Token.hpp">
      <Filter>lang</Filter>
    </ClInclude>
    <ClInclude Include="Status.hpp">
      <Filter>util</Filter>
    </ClInclude>
    <ClInclude Include="Scene.hpp">
      <Filter>math\3d\scene</Filter>
    </ClInclude>
    <ClInclude Include="SceneRaytracingRenderer.hpp">
      <Filter>math\3d\scene</Filter>
    </ClInclude>
    <ClInclude Include="SceneRenderer.hpp">
      <Filter>math\3d\scene</Filter>
    </ClInclude>
    <ClInclude Include="SceneRasterisingRenderer.hpp">
      <Filter>math\3d\scene</Filter>
    </ClInclude>
    <ClInclude Include="RandomDevice.hpp">
      <Filter>algos\rand</Filter>
    </ClInclude>
    <ClInclude Include="LcgRandomDevice.hpp">
      <Filter>algos\rand</Filter>
    </ClInclude>
    <ClInclude Include="intutil.hpp">
      <Filter>util</Filter>
    </ClInclude>
    <ClInclude Include="MtRandomDevice.hpp">
      <Filter>algos\rand</Filter>
    </ClInclude>
    <ClInclude Include="MazeGenerator.hpp">
      <Filter>algos\maze</Filter>
    </ClInclude>
    <ClInclude Include="MazeGeneratorDepthFirst.hpp">
      <Filter>algos\maze</Filter>
    </ClInclude>
    <ClInclude Include="Hotp.hpp">
      <Filter>crypto</Filter>
    </ClInclude>
    <ClInclude Include="Totp.hpp">
      <Filter>crypto</Filter>
    </ClInclude>
    <ClInclude Include="base32.hpp">
      <Filter>data\enc</Filter>
    </ClInclude>
    <ClInclude Include="ripemd160.hpp">
      <Filter>data\hash</Filter>
    </ClInclude>
    <ClInclude Include="bech32.hpp">
      <Filter>crypto\btc</Filter>
    </ClInclude>
    <ClInclude Include="SegWitAddress.hpp">
      <Filter>crypto\btc</Filter>
    </ClInclude>
    <ClInclude Include="BitReader.hpp">
      <Filter>io\bits</Filter>
    </ClInclude>
    <ClInclude Include="bitconv.hpp">
      <Filter>io\bits</Filter>
    </ClInclude>
    <ClInclude Include="alpha2decodetbl.hpp">
      <Filter>util</Filter>
    </ClInclude>
    <ClInclude Include="base58.hpp">
      <Filter>data\enc</Filter>
    </ClInclude>
    <ClInclude Include="FileRaii.hpp">
      <Filter>io\files</Filter>
    </ClInclude>
    <ClInclude Include="Tempfile.hpp">
      <Filter>io\files</Filter>
    </ClInclude>
  </ItemGroup>
  <ItemGroup>
    <ClCompile Include="AssemblyBuilder.cpp">
      <Filter>mem</Filter>
    </ClCompile>
    <ClCompile Include="Bytepatch.cpp">
      <Filter>mem</Filter>
    </ClCompile>
    <ClCompile Include="MemoryBuffer.cpp">
      <Filter>mem</Filter>
    </ClCompile>
    <ClCompile Include="Pattern.cpp">
      <Filter>mem</Filter>
    </ClCompile>
    <ClCompile Include="Pointer.cpp">
      <Filter>mem</Filter>
    </ClCompile>
    <ClCompile Include="Range.cpp">
      <Filter>mem</Filter>
    </ClCompile>
    <ClCompile Include="Thread.cpp">
      <Filter>os</Filter>
    </ClCompile>
    <ClCompile Include="Process.cpp">
      <Filter>os</Filter>
    </ClCompile>
    <ClCompile Include="Module.cpp">
      <Filter>os</Filter>
    </ClCompile>
    <ClCompile Include="Socket.cpp">
      <Filter>net</Filter>
    </ClCompile>
    <ClCompile Include="Bigint.cpp">
      <Filter>math</Filter>
    </ClCompile>
    <ClCompile Include="rsa.cpp">
      <Filter>crypto</Filter>
    </ClCompile>
    <ClCompile Include="rtti.cpp">
      <Filter>mem</Filter>
    </ClCompile>
    <ClCompile Include="sha1.cpp">
      <Filter>data\hash</Filter>
    </ClCompile>
    <ClCompile Include="sha256.cpp">
      <Filter>data\hash</Filter>
    </ClCompile>
    <ClCompile Include="X509Certificate.cpp">
      <Filter>crypto\x509</Filter>
    </ClCompile>
    <ClCompile Include="wasm.cpp" />
    <ClCompile Include="Asn1Sequence.cpp">
      <Filter>data\asn1</Filter>
    </ClCompile>
    <ClCompile Include="aes.cpp">
      <Filter>crypto</Filter>
    </ClCompile>
    <ClCompile Include="SocketTlsEncrypter.cpp">
      <Filter>net\tls</Filter>
    </ClCompile>
    <ClCompile Include="SocketTlsHandshaker.cpp">
      <Filter>net\tls</Filter>
    </ClCompile>
    <ClCompile Include="ec.cpp">
      <Filter>crypto</Filter>
    </ClCompile>
    <ClCompile Include="Scheduler.cpp">
      <Filter>task</Filter>
    </ClCompile>
    <ClCompile Include="Worker.cpp">
      <Filter>task</Filter>
    </ClCompile>
    <ClCompile Include="Server.cpp">
      <Filter>net</Filter>
    </ClCompile>
    <ClCompile Include="console.cpp">
      <Filter>os</Filter>
    </ClCompile>
    <ClCompile Include="ConuiSpan.cpp">
      <Filter>vis\ui\conui</Filter>
    </ClCompile>
    <ClCompile Include="ConuiApp.cpp">
      <Filter>vis\ui\conui</Filter>
    </ClCompile>
    <ClCompile Include="ConuiBase.cpp">
      <Filter>vis\ui\conui</Filter>
    </ClCompile>
    <ClCompile Include="Editor.cpp">
      <Filter>vis\ui\editor</Filter>
    </ClCompile>
    <ClCompile Include="EditorTab.cpp">
      <Filter>vis\ui\editor</Filter>
    </ClCompile>
    <ClCompile Include="EditorText.cpp">
      <Filter>vis\ui\editor</Filter>
    </ClCompile>
    <ClCompile Include="string.cpp">
      <Filter>util\string</Filter>
    </ClCompile>
    <ClCompile Include="crc32.cpp">
      <Filter>data\hash</Filter>
    </ClCompile>
    <ClCompile Include="ZipReader.cpp">
      <Filter>io\zip</Filter>
    </ClCompile>
    <ClCompile Include="ZipWriter.cpp">
      <Filter>io\zip</Filter>
    </ClCompile>
    <ClCompile Include="Keystore.cpp">
      <Filter>crypto</Filter>
    </ClCompile>
    <ClCompile Include="Certchain.cpp">
      <Filter>crypto\x509</Filter>
    </ClCompile>
    <ClCompile Include="ChessCli.cpp">
      <Filter>chess</Filter>
    </ClCompile>
    <ClCompile Include="ChessSquare.cpp">
      <Filter>chess</Filter>
    </ClCompile>
    <ClCompile Include="Chessboard.cpp">
      <Filter>chess</Filter>
    </ClCompile>
    <ClCompile Include="MimeMessage.cpp">
      <Filter>data\mime</Filter>
    </ClCompile>
    <ClCompile Include="HttpRequest.cpp">
      <Filter>net\web</Filter>
    </ClCompile>
    <ClCompile Include="JsonString.cpp">
      <Filter>data\json</Filter>
    </ClCompile>
    <ClCompile Include="json.cpp">
      <Filter>data\json</Filter>
    </ClCompile>
    <ClCompile Include="Oid.cpp">
      <Filter>data</Filter>
    </ClCompile>
    <ClCompile Include="Asn1Identifier.cpp">
      <Filter>data\asn1</Filter>
    </ClCompile>
    <ClCompile Include="JsonArray.cpp">
      <Filter>data\json</Filter>
    </ClCompile>
    <ClCompile Include="JsonNode.cpp">
      <Filter>data\json</Filter>
    </ClCompile>
    <ClCompile Include="JsonObject.cpp">
      <Filter>data\json</Filter>
    </ClCompile>
    <ClCompile Include="JsonInt.cpp">
      <Filter>data\json</Filter>
    </ClCompile>
    <ClCompile Include="JsonFloat.cpp">
      <Filter>data\json</Filter>
    </ClCompile>
    <ClCompile Include="Dictionary.cpp">
      <Filter>ling</Filter>
    </ClCompile>
    <ClCompile Include="WebResource.cpp">
      <Filter>net\web</Filter>
    </ClCompile>
    <ClCompile Include="Matrix.cpp">
      <Filter>math\3d</Filter>
    </ClCompile>
    <ClCompile Include="Poly.cpp">
      <Filter>math\3d</Filter>
    </ClCompile>
    <ClCompile Include="Quaternion.cpp">
      <Filter>math\3d</Filter>
    </ClCompile>
    <ClCompile Include="Mesh.cpp">
      <Filter>math\3d</Filter>
    </ClCompile>
    <ClCompile Include="Box.cpp">
      <Filter>math\3d\box</Filter>
    </ClCompile>
    <ClCompile Include="BoxAxisAligned.cpp">
      <Filter>math\3d\box</Filter>
    </ClCompile>
    <ClCompile Include="BoxCorners.cpp">
      <Filter>math\3d\box</Filter>
    </ClCompile>
    <ClCompile Include="UvSphere.cpp">
      <Filter>math\3d\sphere</Filter>
    </ClCompile>
    <ClCompile Include="os.cpp">
      <Filter>os</Filter>
    </ClCompile>
    <ClCompile Include="QrCode.cpp">
      <Filter>vis</Filter>
    </ClCompile>
    <ClCompile Include="Uri.cpp">
      <Filter>net\web</Filter>
    </ClCompile>
    <ClCompile Include="adler32.cpp">
      <Filter>data\hash</Filter>
    </ClCompile>
    <ClCompile Include="Canvas.cpp">
      <Filter>vis</Filter>
    </ClCompile>
    <ClCompile Include="Rgb.cpp">
      <Filter>vis</Filter>
    </ClCompile>
    <ClCompile Include="Window.cpp">
      <Filter>os</Filter>
    </ClCompile>
    <ClCompile Include="PointLight.cpp">
      <Filter>math\3d</Filter>
    </ClCompile>
    <ClCompile Include="dns.cpp">
      <Filter>net</Filter>
    </ClCompile>
    <ClCompile Include="joaat.cpp">
      <Filter>data\hash</Filter>
    </ClCompile>
    <ClCompile Include="ServerWebService.cpp">
      <Filter>net\web</Filter>
    </ClCompile>
    <ClCompile Include="main.cpp">
      <Filter>util</Filter>
    </ClCompile>
    <ClCompile Include="bcrypt.cpp">
      <Filter>crypto</Filter>
    </ClCompile>
    <ClCompile Include="RasterFont.cpp">
      <Filter>vis</Filter>
    </ClCompile>
    <ClCompile Include="RenderTarget.cpp">
      <Filter>vis\render</Filter>
    </ClCompile>
    <ClCompile Include="Layout.cpp">
      <Filter>vis</Filter>
    </ClCompile>
    <ClCompile Include="RenderTargetCanvas.cpp">
      <Filter>vis\render</Filter>
    </ClCompile>
    <ClCompile Include="base64.cpp">
      <Filter>data\enc</Filter>
    </ClCompile>
    <ClCompile Include="deflate.cpp">
      <Filter>data\enc</Filter>
    </ClCompile>
    <ClCompile Include="pem.cpp">
      <Filter>data\enc</Filter>
    </ClCompile>
    <ClCompile Include="urlenc.cpp">
      <Filter>data\enc</Filter>
    </ClCompile>
    <ClCompile Include="unicode.cpp">
      <Filter>data\enc</Filter>
    </ClCompile>
    <ClCompile Include="JsonBool.cpp">
      <Filter>data\json</Filter>
    </ClCompile>
    <ClCompile Include="JsonNull.cpp">
      <Filter>data\json</Filter>
    </ClCompile>
    <ClCompile Include="YubikeyValidator.cpp">
      <Filter>crypto</Filter>
    </ClCompile>
    <ClCompile Include="MysqlConnection.cpp">
      <Filter>net\mysql</Filter>
    </ClCompile>
    <ClCompile Include="rand.cpp">
      <Filter>util</Filter>
    </ClCompile>
    <ClCompile Include="ModuleHider.cpp">
      <Filter>os</Filter>
    </ClCompile>
    <ClCompile Include="OpaqueString.cpp">
      <Filter>util\string</Filter>
    </ClCompile>
    <ClCompile Include="Mixed.cpp">
      <Filter>util</Filter>
    </ClCompile>
    <ClCompile Include="Fiber.cpp">
      <Filter>task</Filter>
    </ClCompile>
    <ClCompile Include="unit_testing.cpp">
      <Filter>util</Filter>
    </ClCompile>
    <ClCompile Include="Bigfloat.cpp">
      <Filter>math</Filter>
    </ClCompile>
    <ClCompile Include="acme.cpp">
      <Filter>net\web</Filter>
    </ClCompile>
    <ClCompile Include="PhpState.cpp">
      <Filter>lang</Filter>
    </ClCompile>
    <ClCompile Include="ffi.cpp">
      <Filter>os</Filter>
    </ClCompile>
    <ClCompile Include="FormattedText.cpp">
      <Filter>vis</Filter>
    </ClCompile>
    <ClCompile Include="LangDesc.cpp">
      <Filter>lang</Filter>
    </ClCompile>
    <ClCompile Include="ParserState.cpp">
      <Filter>lang</Filter>
    </ClCompile>
    <ClCompile Include="parse_tree.cpp">
      <Filter>lang</Filter>
    </ClCompile>
    <ClCompile Include="LangVm.cpp">
      <Filter>lang</Filter>
    </ClCompile>
    <ClCompile Include="Scene.cpp">
      <Filter>math\3d\scene</Filter>
    </ClCompile>
    <ClCompile Include="SceneRaytracingRenderer.cpp">
      <Filter>math\3d\scene</Filter>
    </ClCompile>
    <ClCompile Include="SceneRasterisingRenderer.cpp">
      <Filter>math\3d\scene</Filter>
    </ClCompile>
    <ClCompile Include="LcgRandomDevice.cpp">
      <Filter>algos\rand</Filter>
    </ClCompile>
    <ClCompile Include="MtRandomDevice.cpp">
      <Filter>algos\rand</Filter>
    </ClCompile>
    <ClCompile Include="MazeGeneratorDepthFirst.cpp">
      <Filter>algos\maze</Filter>
    </ClCompile>
    <ClCompile Include="Hotp.cpp">
      <Filter>crypto</Filter>
    </ClCompile>
    <ClCompile Include="Totp.cpp">
      <Filter>crypto</Filter>
    </ClCompile>
    <ClCompile Include="base32.cpp">
      <Filter>data\enc</Filter>
    </ClCompile>
    <ClCompile Include="ripemd160.cpp">
      <Filter>data\hash</Filter>
    </ClCompile>
    <ClCompile Include="SegWitAddress.cpp">
      <Filter>crypto\btc</Filter>
    </ClCompile>
    <ClCompile Include="bech32.cpp">
      <Filter>crypto\btc</Filter>
    </ClCompile>
    <ClCompile Include="base58.cpp">
      <Filter>data\enc</Filter>
    </ClCompile>
    <ClCompile Include="FileRaii.cpp">
      <Filter>io\files</Filter>
    </ClCompile>
    <ClCompile Include="Tempfile.cpp">
      <Filter>io\files</Filter>
    </ClCompile>
  </ItemGroup>
  <ItemGroup>
    <Filter Include="os">
      <UniqueIdentifier>{f93928c1-dcc7-414f-aa35-092f9c01254c}</UniqueIdentifier>
    </Filter>
    <Filter Include="net">
      <UniqueIdentifier>{a908246f-7651-4858-a665-d6c359ed73d4}</UniqueIdentifier>
    </Filter>
    <Filter Include="os\windows">
      <UniqueIdentifier>{8662bd3c-4741-400c-8355-6a34ac8e770f}</UniqueIdentifier>
    </Filter>
    <Filter Include="math">
      <UniqueIdentifier>{4bcbb6ff-ce7a-473c-8330-c8f6a9c1e764}</UniqueIdentifier>
    </Filter>
    <Filter Include="mem">
      <UniqueIdentifier>{2a5982c9-2e94-4883-be44-862fd3d7e0b6}</UniqueIdentifier>
    </Filter>
    <Filter Include="crypto">
      <UniqueIdentifier>{2977e49c-bf74-490c-a67a-0888e8df098f}</UniqueIdentifier>
    </Filter>
    <Filter Include="io">
      <UniqueIdentifier>{dba0001f-054d-4ddf-ba50-932ef7505446}</UniqueIdentifier>
    </Filter>
    <Filter Include="crypto\x509">
      <UniqueIdentifier>{ac1efe97-34c7-4c84-ae8e-6772370e049c}</UniqueIdentifier>
    </Filter>
    <Filter Include="net\tls">
      <UniqueIdentifier>{ad3f66ba-4aaa-4648-8066-12c3d553bfb6}</UniqueIdentifier>
    </Filter>
    <Filter Include="task">
      <UniqueIdentifier>{b14f98a7-4337-4266-8f79-7c3942c95cbb}</UniqueIdentifier>
    </Filter>
    <Filter Include="util">
      <UniqueIdentifier>{1c7b8b47-6f42-4f4b-953a-ae2ebda20781}</UniqueIdentifier>
    </Filter>
    <Filter Include="util\string">
      <UniqueIdentifier>{db02d3fa-069e-4d94-ac69-1ceda5822d24}</UniqueIdentifier>
    </Filter>
    <Filter Include="io\zip">
      <UniqueIdentifier>{5e908491-421e-426f-ad6f-f870c4b0a291}</UniqueIdentifier>
    </Filter>
    <Filter Include="chess">
      <UniqueIdentifier>{4a2a3fea-b914-4a9e-b7c3-c051aa854664}</UniqueIdentifier>
    </Filter>
    <Filter Include="net\web">
      <UniqueIdentifier>{107b4f0f-f5db-4e5f-9a6a-8893289fac04}</UniqueIdentifier>
    </Filter>
    <Filter Include="ling">
      <UniqueIdentifier>{ded31275-73f9-4bb2-b6d4-095d5f6e7eec}</UniqueIdentifier>
    </Filter>
    <Filter Include="data">
      <UniqueIdentifier>{fddd6fad-45ea-4b2b-9b3c-f9bf40ce10a5}</UniqueIdentifier>
    </Filter>
    <Filter Include="data\json">
      <UniqueIdentifier>{c9cb16ff-3edf-4e1e-8120-52b82b69b75c}</UniqueIdentifier>
    </Filter>
    <Filter Include="data\asn1">
      <UniqueIdentifier>{226c8613-6f40-4b31-98c9-5b22b100c1ca}</UniqueIdentifier>
    </Filter>
    <Filter Include="data\mime">
      <UniqueIdentifier>{0f633a4f-04c0-44e0-b0e4-8bd4e5a65e67}</UniqueIdentifier>
    </Filter>
    <Filter Include="io\stream">
      <UniqueIdentifier>{a9d0d460-1d1e-45e7-b1a1-61141c904c4d}</UniqueIdentifier>
    </Filter>
    <Filter Include="math\3d">
      <UniqueIdentifier>{420a3716-0d15-4a0e-94bf-cdbceb5e361b}</UniqueIdentifier>
    </Filter>
    <Filter Include="math\3d\box">
      <UniqueIdentifier>{469d822a-942d-4d0d-9d44-f391c9d6fd0f}</UniqueIdentifier>
    </Filter>
    <Filter Include="math\3d\sphere">
      <UniqueIdentifier>{5aab1dce-54fa-45bc-be6f-04c692f2834b}</UniqueIdentifier>
    </Filter>
    <Filter Include="vis">
      <UniqueIdentifier>{80b6270e-7c01-41fb-8800-755a35c9202b}</UniqueIdentifier>
    </Filter>
    <Filter Include="vis\ui">
      <UniqueIdentifier>{8ae8a474-8788-479f-91a0-1146f0b02f9f}</UniqueIdentifier>
    </Filter>
    <Filter Include="vis\ui\conui">
      <UniqueIdentifier>{05898064-5c55-4356-aa00-29a449c503ea}</UniqueIdentifier>
    </Filter>
    <Filter Include="vis\ui\editor">
      <UniqueIdentifier>{7dd9aa6c-701c-402c-9c96-dc2194ba2344}</UniqueIdentifier>
    </Filter>
    <Filter Include="net\web\websocket">
      <UniqueIdentifier>{b051e810-7a59-4a16-a3c6-c1489ab35907}</UniqueIdentifier>
    </Filter>
    <Filter Include="vis\render">
      <UniqueIdentifier>{86298434-e9f0-4a23-aa41-1cb7fa3f89a3}</UniqueIdentifier>
    </Filter>
    <Filter Include="data\enc">
      <UniqueIdentifier>{d42a16a2-9997-4a38-b9ab-9db1a0abfb79}</UniqueIdentifier>
    </Filter>
    <Filter Include="util\atomic_containers">
      <UniqueIdentifier>{a887a824-7b3f-4831-b102-4a7c9d4530e3}</UniqueIdentifier>
    </Filter>
    <Filter Include="net\mysql">
      <UniqueIdentifier>{9c39909c-d109-4853-b572-c2fa9de042e3}</UniqueIdentifier>
    </Filter>
    <Filter Include="data\hash">
      <UniqueIdentifier>{31591c67-cd1c-4cc1-82c8-9cbbca1dba34}</UniqueIdentifier>
    </Filter>
    <Filter Include="lang">
      <UniqueIdentifier>{2e73bbce-41b8-4c8c-8f2f-efdd61207e83}</UniqueIdentifier>
    </Filter>
    <Filter Include="math\3d\scene">
      <UniqueIdentifier>{865109e2-8a37-48ea-be8d-f85c1c1a7a36}</UniqueIdentifier>
    </Filter>
    <Filter Include="algos">
      <UniqueIdentifier>{039cce06-0529-4573-b017-965ff1ca2670}</UniqueIdentifier>
    </Filter>
    <Filter Include="algos\rand">
      <UniqueIdentifier>{bd18ff21-d179-48f9-9f75-aac83f019e2b}</UniqueIdentifier>
    </Filter>
    <Filter Include="algos\maze">
      <UniqueIdentifier>{16b78dc5-8998-48bd-b278-3bcd7be2a396}</UniqueIdentifier>
    </Filter>
    <Filter Include="crypto\btc">
      <UniqueIdentifier>{385363c6-a64d-429c-b5a5-967db32a31db}</UniqueIdentifier>
    </Filter>
    <Filter Include="io\bits">
      <UniqueIdentifier>{ebe8b704-42e4-428a-b61d-1fdb19129b40}</UniqueIdentifier>
    </Filter>
    <Filter Include="io\files">
      <UniqueIdentifier>{91cc5788-ba3a-40f8-b033-de517ffd69b7}</UniqueIdentifier>
    </Filter>
  </ItemGroup>
</Project>