
Microsoft Visual Studio Solution File, Format Version 12.00
# Visual Studio Version 17
VisualStudioVersion = 17.0.32112.339
MinimumVisualStudioVersion = 10.0.40219.1
Project("{8BC9CEB8-8B4A-11D0-8D11-00A0C91BC942}") = "Soup", "soup\Soup.vcxproj", "{84D33F55-DC5B-4AAA-8DB2-0EF66190BFBA}"
EndProject
Project("{8BC9CEB8-8B4A-11D0-8D11-00A0C91BC942}") = "Simple Server", "examples\Simple Server\Simple Server.vcxproj", "{A645BD73-2DE4-4EED-914A-4575EFC2164B}"
	ProjectSection(ProjectDependencies) = postProject
		{84D33F55-DC5B-4AAA-8DB2-0EF66190BFBA} = {84D33F55-DC5B-4AAA-8DB2-0EF66190BFBA}
	EndProjectSection
EndProject
Project("{8BC9CEB8-8B4A-11D0-8D11-00A0C91BC942}") = "CLI", "CLI\CLI.vcxproj", "{D46C3146-541A-4879-837E-A1596BB99185}"
	ProjectSection(ProjectDependencies) = postProject
		{84D33F55-DC5B-4AAA-8DB2-0EF66190BFBA} = {84D33F55-DC5B-4AAA-8DB2-0EF66190BFBA}
	EndProjectSection
EndProject
Global
	GlobalSection(SolutionConfigurationPlatforms) = preSolution
		DebugDLL|x64 = DebugDLL|x64
		DebugDLL|x86 = DebugDLL|x86
		DebugEXE|x64 = DebugEXE|x64
		DebugEXE|x86 = DebugEXE|x86
		ReleaseDLL|x64 = ReleaseDLL|x64
		ReleaseDLL|x86 = ReleaseDLL|x86
		ReleaseEXE|x64 = ReleaseEXE|x64
		ReleaseEXE|x86 = ReleaseEXE|x86
	EndGlobalSection
	GlobalSection(ProjectConfigurationPlatforms) = postSolution
		{84D33F55-DC5B-4AAA-8DB2-0EF66190BFBA}.DebugDLL|x64.ActiveCfg = DebugDLL|x64
		{84D33F55-DC5B-4AAA-8DB2-0EF66190BFBA}.DebugDLL|x64.Build.0 = DebugDLL|x64
		{84D33F55-DC5B-4AAA-8DB2-0EF66190BFBA}.DebugDLL|x86.ActiveCfg = DebugDLL|Win32
		{84D33F55-DC5B-4AAA-8DB2-0EF66190BFBA}.DebugDLL|x86.Build.0 = DebugDLL|Win32
		{84D33F55-DC5B-4AAA-8DB2-0EF66190BFBA}.DebugEXE|x64.ActiveCfg = DebugEXE|x64
		{84D33F55-DC5B-4AAA-8DB2-0EF66190BFBA}.DebugEXE|x64.Build.0 = DebugEXE|x64
		{84D33F55-DC5B-4AAA-8DB2-0EF66190BFBA}.DebugEXE|x86.ActiveCfg = DebugEXE|Win32
		{84D33F55-DC5B-4AAA-8DB2-0EF66190BFBA}.DebugEXE|x86.Build.0 = DebugEXE|Win32
		{84D33F55-DC5B-4AAA-8DB2-0EF66190BFBA}.ReleaseDLL|x64.ActiveCfg = ReleaseDLL|x64
		{84D33F55-DC5B-4AAA-8DB2-0EF66190BFBA}.ReleaseDLL|x64.Build.0 = ReleaseDLL|x64
		{84D33F55-DC5B-4AAA-8DB2-0EF66190BFBA}.ReleaseDLL|x86.ActiveCfg = ReleaseDLL|Win32
		{84D33F55-DC5B-4AAA-8DB2-0EF66190BFBA}.ReleaseDLL|x86.Build.0 = ReleaseDLL|Win32
		{84D33F55-DC5B-4AAA-8DB2-0EF66190BFBA}.ReleaseEXE|x64.ActiveCfg = ReleaseEXE|x64
		{84D33F55-DC5B-4AAA-8DB2-0EF66190BFBA}.ReleaseEXE|x64.Build.0 = ReleaseEXE|x64
		{84D33F55-DC5B-4AAA-8DB2-0EF66190BFBA}.ReleaseEXE|x86.ActiveCfg = ReleaseEXE|Win32
		{84D33F55-DC5B-4AAA-8DB2-0EF66190BFBA}.ReleaseEXE|x86.Build.0 = ReleaseEXE|Win32
		{A645BD73-2DE4-4EED-914A-4575EFC2164B}.DebugDLL|x64.ActiveCfg = Debug|x64
		{A645BD73-2DE4-4EED-914A-4575EFC2164B}.DebugDLL|x64.Build.0 = Debug|x64
		{A645BD73-2DE4-4EED-914A-4575EFC2164B}.DebugDLL|x86.ActiveCfg = Debug|Win32
		{A645BD73-2DE4-4EED-914A-4575EFC2164B}.DebugDLL|x86.Build.0 = Debug|Win32
		{A645BD73-2DE4-4EED-914A-4575EFC2164B}.DebugEXE|x64.ActiveCfg = Debug|x64
		{A645BD73-2DE4-4EED-914A-4575EFC2164B}.DebugEXE|x64.Build.0 = Debug|x64
		{A645BD73-2DE4-4EED-914A-4575EFC2164B}.DebugEXE|x86.ActiveCfg = Debug|Win32
		{A645BD73-2DE4-4EED-914A-4575EFC2164B}.DebugEXE|x86.Build.0 = Debug|Win32
		{A645BD73-2DE4-4EED-914A-4575EFC2164B}.ReleaseDLL|x64.ActiveCfg = Release|x64
		{A645BD73-2DE4-4EED-914A-4575EFC2164B}.ReleaseDLL|x64.Build.0 = Release|x64
		{A645BD73-2DE4-4EED-914A-4575EFC2164B}.ReleaseDLL|x86.ActiveCfg = Release|Win32
		{A645BD73-2DE4-4EED-914A-4575EFC2164B}.ReleaseDLL|x86.Build.0 = Release|Win32
		{A645BD73-2DE4-4EED-914A-4575EFC2164B}.ReleaseEXE|x64.ActiveCfg = Release|x64
		{A645BD73-2DE4-4EED-914A-4575EFC2164B}.ReleaseEXE|x64.Build.0 = Release|x64
		{A645BD73-2DE4-4EED-914A-4575EFC2164B}.ReleaseEXE|x86.ActiveCfg = Release|Win32
		{A645BD73-2DE4-4EED-914A-4575EFC2164B}.ReleaseEXE|x86.Build.0 = Release|Win32
		{D46C3146-541A-4879-837E-A1596BB99185}.DebugDLL|x64.ActiveCfg = Debug|x64
		{D46C3146-541A-4879-837E-A1596BB99185}.DebugDLL|x64.Build.0 = Debug|x64
		{D46C3146-541A-4879-837E-A1596BB99185}.DebugDLL|x86.ActiveCfg = Debug|Win32
		{D46C3146-541A-4879-837E-A1596BB99185}.DebugDLL|x86.Build.0 = Debug|Win32
		{D46C3146-541A-4879-837E-A1596BB99185}.DebugEXE|x64.ActiveCfg = Debug|x64
		{D46C3146-541A-4879-837E-A1596BB99185}.DebugEXE|x64.Build.0 = Debug|x64
		{D46C3146-541A-4879-837E-A1596BB99185}.DebugEXE|x86.ActiveCfg = Debug|Win32
		{D46C3146-541A-4879-837E-A1596BB99185}.DebugEXE|x86.Build.0 = Debug|Win32
		{D46C3146-541A-4879-837E-A1596BB99185}.ReleaseDLL|x64.ActiveCfg = Release|x64
		{D46C3146-541A-4879-837E-A1596BB99185}.ReleaseDLL|x64.Build.0 = Release|x64
		{D46C3146-541A-4879-837E-A1596BB99185}.ReleaseDLL|x86.ActiveCfg = Release|Win32
		{D46C3146-541A-4879-837E-A1596BB99185}.ReleaseDLL|x86.Build.0 = Release|Win32
		{D46C3146-541A-4879-837E-A1596BB99185}.ReleaseEXE|x64.ActiveCfg = Release|x64
		{D46C3146-541A-4879-837E-A1596BB99185}.ReleaseEXE|x64.Build.0 = Release|x64
		{D46C3146-541A-4879-837E-A1596BB99185}.ReleaseEXE|x86.ActiveCfg = Release|Win32
		{D46C3146-541A-4879-837E-A1596BB99185}.ReleaseEXE|x86.Build.0 = Release|Win32
	EndGlobalSection
	GlobalSection(SolutionProperties) = preSolution
		HideSolutionNode = FALSE
	EndGlobalSection
	GlobalSection(ExtensibilityGlobals) = postSolution
		SolutionGuid = {D9BA4C99-586B-4185-BAC7-22D425FE616E}
	EndGlobalSection
EndGlobal
