<?xml version="1.0" encoding="utf-8"?>
<Project ToolsVersion="4.0" xmlns="http://schemas.microsoft.com/developer/msbuild/2003">
  <ItemGroup>
    <ClCompile Include="cli.cpp" />
    <ClCompile Include="cli_3d.cpp" />
    <ClCompile Include="cli_repl.cpp" />
    <ClCompile Include="cli_snake.cpp" />
    <ClCompile Include="cli_dvd.cpp" />
    <ClCompile Include="cli_test.cpp" />
    <ClCompile Include="cli_websrv.cpp" />
    <ClCompile Include="cli_maze.cpp" />
    <ClCompile Include="cli_dig.cpp" />
    <ClCompile Include="cli_morse.cpp" />
    <ClCompile Include="cli_ircserver.cpp" />
    <ClCompile Include="cli_dnsserver.cpp" />
    <ClCompile Include="cli_datareflection.cpp" />
    <ClCompile Include="cli_chatgpt.cpp" />
    <ClCompile Include="cli_keyboard.cpp" />
    <ClCompile Include="cli_mesh.cpp" />
  </ItemGroup>
  <ItemGroup>
    <ClInclude Include="cli.hpp" />
    <ClInclude Include="cli_acme.hpp" />
  </ItemGroup>
</Project>